advisory.base_cards
advisory.card_lengths
advisory.card_vocab
advisory.cross_version_dedup
advisory.date_ts_consistent
advisory.dispatch_wellformed
advisory.fixed_structure
advisory.group_floors
advisory.group_names
advisory.index_entry_source
advisory.overview_prose
advisory.site_total
advisory.ts_in_window
advisory.ts_wellformed
advisory.url_is_article
advisory.watch_review
advisory.window_wellformed
chart.data_path_named
chart.diversity
chart.footer_lines
chart.kind_data_present
chart.lengths
chart.no_stored_option
chart.series_cap
chart.series_freshness
chart.size
chart.structure
chart.theme_unique
chart.track_of_the_day
demo.date_present
demo.items_nonempty
demo.note_length
demo.upstream_fresh
podcast.chars_in_tier
podcast.completeness_band
podcast.crosscut_present
podcast.episode_admission
podcast.file_id_matches_url
podcast.ledger_advanced
podcast.manifest_wellformed
podcast.no_duplicate_episodes
podcast.no_failed_episodes
podcast.per_episode_counts
podcast.quotes_grounded
podcast.release_in_window
podcast.show_keys_known
podcast.status_vocabulary
podcast.topics_controlled
podcast.window_sane
podfetch.no_block_repetition
repo.brief_budget
repo.no_pull_request_target
sentinel.data_fresh
sentinel.ledger_overdue
sentinel.no_data_loss
sentinel.no_future_date
sentinel.updated_fresh
watch.external_binaries
watch.no_code_drift
watch.sentinel_alive
watch.sentinel_verdict
